// !$*UTF8*$!
{
	archiveVersion = 1;
	classes = {
	};
	objectVersion = 44;
	objects = {

/* Begin PBXBuildFile section */
		0091D8F90E81B9330029341E /* OpenGL.framework in Frameworks */ = {isa = PBXBuildFile; fileRef = 0091D8F80E81B9330029341E /* OpenGL.framework */; };
		0097E3E50F3E9819005A4392 /* QuickTime.framework in Frameworks */ = {isa = PBXBuildFile; fileRef = 0097E3E40F3E9819005A4392 /* QuickTime.framework */; };
		00B784B30FF439BC000DE1D7 /* Accelerate.framework in Frameworks */ = {isa = PBXBuildFile; fileRef = 00B784AF0FF439BC000DE1D7 /* Accelerate.framework */; };
		00B784B40FF439BC000DE1D7 /* AudioToolbox.framework in Frameworks */ = {isa = PBXBuildFile; fileRef = 00B784B00FF439BC000DE1D7 /* AudioToolbox.framework */; };
		00B784B50FF439BC000DE1D7 /* AudioUnit.framework in Frameworks */ = {isa = PBXBuildFile; fileRef = 00B784B10FF439BC000DE1D7 /* AudioUnit.framework */; };
		00B784B60FF439BC000DE1D7 /* CoreAudio.framework in Frameworks */ = {isa = PBXBuildFile; fileRef = 00B784B20FF439BC000DE1D7 /* CoreAudio.framework */; };
		07E197791627CE9D00A51216 /* blur.frag in Sources */ = {isa = PBXBuildFile; fileRef = 07E197771627CE9D00A51216 /* blur.frag */; };
		07E1977A1627CE9D00A51216 /* blur.vert in Sources */ = {isa = PBXBuildFile; fileRef = 07E197781627CE9D00A51216 /* blur.vert */; };
		07E1977D1627D24D00A51216 /* dof.frag in Sources */ = {isa = PBXBuildFile; fileRef = 07E1977B1627D24D00A51216 /* dof.frag */; };
		07E1977E1627D24D00A51216 /* dof.vert in Sources */ = {isa = PBXBuildFile; fileRef = 07E1977C1627D24D00A51216 /* dof.vert */; };
		07E1978F162823B700A51216 /* bgCloth.frag in Sources */ = {isa = PBXBuildFile; fileRef = 07E1978B162823B700A51216 /* bgCloth.frag */; };
		07E19790162823B700A51216 /* bgCloth.vert in Sources */ = {isa = PBXBuildFile; fileRef = 07E1978C162823B700A51216 /* bgCloth.vert */; };
		07E19791162823B700A51216 /* bgMind.frag in Sources */ = {isa = PBXBuildFile; fileRef = 07E1978D162823B700A51216 /* bgMind.frag */; };
		07E19792162823B700A51216 /* bgMind.vert in Sources */ = {isa = PBXBuildFile; fileRef = 07E1978E162823B700A51216 /* bgMind.vert */; };
		3B0506CA1620BE640070F0D5 /* cubes.frag in Sources */ = {isa = PBXBuildFile; fileRef = 3B0506C21620BE640070F0D5 /* cubes.frag */; };
		3B0506CB1620BE640070F0D5 /* cubes.geom in Sources */ = {isa = PBXBuildFile; fileRef = 3B0506C31620BE640070F0D5 /* cubes.geom */; };
		3B0506CC1620BE640070F0D5 /* cubes.vert in Sources */ = {isa = PBXBuildFile; fileRef = 3B0506C41620BE640070F0D5 /* cubes.vert */; };
		3B0506CD1620BE640070F0D5 /* diva.m4a in Resources */ = {isa = PBXBuildFile; fileRef = 3B0506C51620BE640070F0D5 /* diva.m4a */; };
		3B0506CE1620BE640070F0D5 /* fbo.frag in Sources */ = {isa = PBXBuildFile; fileRef = 3B0506C61620BE640070F0D5 /* fbo.frag */; };
		3B0506CF1620BE640070F0D5 /* fbo.vert in Sources */ = {isa = PBXBuildFile; fileRef = 3B0506C71620BE640070F0D5 /* fbo.vert */; };
		3B0506D01620BE640070F0D5 /* uv.jpg in Resources */ = {isa = PBXBuildFile; fileRef = 3B0506C81620BE640070F0D5 /* uv.jpg */; };
		3B0506D11620BE640070F0D5 /* uv.png in Resources */ = {isa = PBXBuildFile; fileRef = 3B0506C91620BE640070F0D5 /* uv.png */; };
		3B18126D16260F8D00CCC23F /* cloth.frag in Sources */ = {isa = PBXBuildFile; fileRef = 3B18126B16260F8D00CCC23F /* cloth.frag */; };
		3B18126E16260F8D00CCC23F /* cloth.vert in Sources */ = {isa = PBXBuildFile; fileRef = 3B18126C16260F8D00CCC23F /* cloth.vert */; };
		3B18127116260F9B00CCC23F /* Cloth.cpp in Sources */ = {isa = PBXBuildFile; fileRef = 3B18127016260F9B00CCC23F /* Cloth.cpp */; };
		3B21292416272E53006D217B /* Branch.cpp in Sources */ = {isa = PBXBuildFile; fileRef = 3B21292216272E53006D217B /* Branch.cpp */; };
		3B21292516272E53006D217B /* BranchController.cpp in Sources */ = {isa = PBXBuildFile; fileRef = 3B21292316272E53006D217B /* BranchController.cpp */; };
		3B21292C1627A9C8006D217B /* synchro.ttf in Resources */ = {isa = PBXBuildFile; fileRef = 3B21292B1627A9C8006D217B /* synchro.ttf */; };
		3B31A86F16288B3C00930E61 /* title.frag in Resources */ = {isa = PBXBuildFile; fileRef = 3B21292D1627D3F5006D217B /* title.frag */; };
		3B31A87016288B3C00930E61 /* title.vert in Resources */ = {isa = PBXBuildFile; fileRef = 3B21292E1627D3F5006D217B /* title.vert */; };
		3B31A87116288B3C00930E61 /* cloth.frag in Resources */ = {isa = PBXBuildFile; fileRef = 3B18126B16260F8D00CCC23F /* cloth.frag */; };
		3B31A87216288B3C00930E61 /* cloth.vert in Resources */ = {isa = PBXBuildFile; fileRef = 3B18126C16260F8D00CCC23F /* cloth.vert */; };
		3B31A87316288B3C00930E61 /* dof.frag in Resources */ = {isa = PBXBuildFile; fileRef = 07E1977B1627D24D00A51216 /* dof.frag */; };
		3B31A87416288B3C00930E61 /* bgCloth.frag in Resources */ = {isa = PBXBuildFile; fileRef = 07E1978B162823B700A51216 /* bgCloth.frag */; };
		3B31A87516288B3C00930E61 /* bgCloth.vert in Resources */ = {isa = PBXBuildFile; fileRef = 07E1978C162823B700A51216 /* bgCloth.vert */; };
		3B31A87616288B3C00930E61 /* bgMind.frag in Resources */ = {isa = PBXBuildFile; fileRef = 07E1978D162823B700A51216 /* bgMind.frag */; };
		3B31A87716288B3C00930E61 /* bgMind.vert in Resources */ = {isa = PBXBuildFile; fileRef = 07E1978E162823B700A51216 /* bgMind.vert */; };
		3B31A87816288B3C00930E61 /* dof.vert in Resources */ = {isa = PBXBuildFile; fileRef = 07E1977C1627D24D00A51216 /* dof.vert */; };
		3B31A87916288B3C00930E61 /* neuron.vert in Resources */ = {isa = PBXBuildFile; fileRef = 3B57E77616234B61009A4615 /* neuron.vert */; };
		3B31A87A16288B3C00930E61 /* neuron.frag in Resources */ = {isa = PBXBuildFile; fileRef = 3B57E77716234B61009A4615 /* neuron.frag */; };
		3B31A87B16288B3C00930E61 /* axon.vert in Resources */ = {isa = PBXBuildFile; fileRef = 3B57E77816234B61009A4615 /* axon.vert */; };
		3B31A87C16288B3C00930E61 /* axon.frag in Resources */ = {isa = PBXBuildFile; fileRef = 3B57E77916234B61009A4615 /* axon.frag */; };
		3B31A87D16288B3C00930E61 /* blur.frag in Resources */ = {isa = PBXBuildFile; fileRef = 07E197771627CE9D00A51216 /* blur.frag */; };
		3B31A87E16288B3C00930E61 /* blur.vert in Resources */ = {isa = PBXBuildFile; fileRef = 07E197781627CE9D00A51216 /* blur.vert */; };
		3B31A87F16288B3C00930E61 /* cubes.frag in Resources */ = {isa = PBXBuildFile; fileRef = 3B0506C21620BE640070F0D5 /* cubes.frag */; };
		3B31A88016288B3C00930E61 /* cubes.geom in Resources */ = {isa = PBXBuildFile; fileRef = 3B0506C31620BE640070F0D5 /* cubes.geom */; };
		3B31A88116288B3C00930E61 /* cubes.vert in Resources */ = {isa = PBXBuildFile; fileRef = 3B0506C41620BE640070F0D5 /* cubes.vert */; };
		3B31A88216288B3C00930E61 /* fbo.frag in Resources */ = {isa = PBXBuildFile; fileRef = 3B0506C61620BE640070F0D5 /* fbo.frag */; };
		3B31A88316288B3C00930E61 /* fbo.vert in Resources */ = {isa = PBXBuildFile; fileRef = 3B0506C71620BE640070F0D5 /* fbo.vert */; };
		3B32F3DF1626972B000D924D /* logo.png in Resources */ = {isa = PBXBuildFile; fileRef = 3B32F3DE1626972B000D924D /* logo.png */; };
		3B32F3E316270DBB000D924D /* Title.cpp in Sources */ = {isa = PBXBuildFile; fileRef = 3B32F3E216270DBB000D924D /* Title.cpp */; };
		3B57E77A16234B61009A4615 /* neuron.vert in Sources */ = {isa = PBXBuildFile; fileRef = 3B57E77616234B61009A4615 /* neuron.vert */; };
		3B57E77B16234B61009A4615 /* neuron.frag in Sources */ = {isa = PBXBuildFile; fileRef = 3B57E77716234B61009A4615 /* neuron.frag */; };
		3B57E77C16234B61009A4615 /* axon.vert in Sources */ = {isa = PBXBuildFile; fileRef = 3B57E77816234B61009A4615 /* axon.vert */; };
		3B57E77D16234B61009A4615 /* axon.frag in Sources */ = {isa = PBXBuildFile; fileRef = 3B57E77916234B61009A4615 /* axon.frag */; };
		3B57E78116234B86009A4615 /* Tube.cpp in Sources */ = {isa = PBXBuildFile; fileRef = 3B57E77F16234B86009A4615 /* Tube.cpp */; };
		3B57E78216234B86009A4615 /* MindField.cpp in Sources */ = {isa = PBXBuildFile; fileRef = 3B57E78016234B86009A4615 /* MindField.cpp */; };
		3B91C92116287C0700F49774 /* BulletCollision.framework in Frameworks */ = {isa = PBXBuildFile; fileRef = 3B91C92016287C0700F49774 /* BulletCollision.framework */; };
		3BBCF4811625BA6A000510B2 /* Cubes.cpp in Sources */ = {isa = PBXBuildFile; fileRef = 3BBCF47F1625BA6A000510B2 /* Cubes.cpp */; };
		3BEB7542162617D9007FBD46 /* BulletDynamics.framework in Frameworks */ = {isa = PBXBuildFile; fileRef = 3BEB753D162617D9007FBD46 /* BulletDynamics.framework */; };
		3BEB7543162617D9007FBD46 /* BulletMultiThreaded.framework in Frameworks */ = {isa = PBXBuildFile; fileRef = 3BEB753E162617D9007FBD46 /* BulletMultiThreaded.framework */; };
		3BEB7544162617D9007FBD46 /* BulletSoftBody.framework in Frameworks */ = {isa = PBXBuildFile; fileRef = 3BEB753F162617D9007FBD46 /* BulletSoftBody.framework */; };
		3BEB7545162617D9007FBD46 /* LinearMath.framework in Frameworks */ = {isa = PBXBuildFile; fileRef = 3BEB7540162617D9007FBD46 /* LinearMath.framework */; };
		3BEF7351162385D7006B2A80 /* Calibri.ttf in Resources */ = {isa = PBXBuildFile; fileRef = 3BEF7350162385D7006B2A80 /* Calibri.ttf */; };
		3BFD2F1115FE37AC007734D8 /* ParticleController.cpp in Sources */ = {isa = PBXBuildFile; fileRef = 3BFD2F0F15FE37AC007734D8 /* ParticleController.cpp */; };
		3BFD2F1215FE37AC007734D8 /* Particle.cpp in Sources */ = {isa = PBXBuildFile; fileRef = 3BFD2F1015FE37AC007734D8 /* Particle.cpp */; };
		43DFF4DB14F21C33004759F2 /* PixarDemo2012.cpp in Sources */ = {isa = PBXBuildFile; fileRef = 43DFF4DA14F21C33004759F2 /* PixarDemo2012.cpp */; };
		43DFF4DE14F21C3C004759F2 /* KissFFT.cpp in Sources */ = {isa = PBXBuildFile; fileRef = 43DFF4DC14F21C3C004759F2 /* KissFFT.cpp */; };
		43DFF4E414F21C44004759F2 /* kiss_fft.c in Sources */ = {isa = PBXBuildFile; fileRef = 43DFF4E014F21C44004759F2 /* kiss_fft.c */; };
		43DFF4E514F21C44004759F2 /* kiss_fftr.c in Sources */ = {isa = PBXBuildFile; fileRef = 43DFF4E214F21C44004759F2 /* kiss_fftr.c */; };
		5323E6B20EAFCA74003A9687 /* CoreVideo.framework in Frameworks */ = {isa = PBXBuildFile; fileRef = 5323E6B10EAFCA74003A9687 /* CoreVideo.framework */; };
		5323E6B60EAFCA7E003A9687 /* QTKit.framework in Frameworks */ = {isa = PBXBuildFile; fileRef = 5323E6B50EAFCA7E003A9687 /* QTKit.framework */; };
		53E3CDFC0E86099300238D2B /* Carbon.framework in Frameworks */ = {isa = PBXBuildFile; fileRef = 53E3CDFB0E86099300238D2B /* Carbon.framework */; };
		8D11072F0486CEB800E47090 /* Cocoa.framework in Frameworks */ = {isa = PBXBuildFile; fileRef = 1058C7A1FEA54F0111CA2CBB /* Cocoa.framework */; };
/* End PBXBuildFile section */

/* Begin PBXFileReference section */
		0091D8F80E81B9330029341E /* OpenGL.framework */ = {isa = PBXFileReference; lastKnownFileType = wrapper.framework; name = OpenGL.framework; path = /System/Library/Frameworks/OpenGL.framework; sourceTree = "<absolute>"; };
		0097E3E40F3E9819005A4392 /* QuickTime.framework */ = {isa = PBXFileReference; lastKnownFileType = wrapper.framework; name = QuickTime.framework; path = /System/Library/Frameworks/QuickTime.framework; sourceTree = "<absolute>"; };
		00B784AF0FF439BC000DE1D7 /* Accelerate.framework */ = {isa = PBXFileReference; lastKnownFileType = wrapper.framework; name = Accelerate.framework; path = System/Library/Frameworks/Accelerate.framework; sourceTree = SDKROOT; };
		00B784B00FF439BC000DE1D7 /* AudioToolbox.framework */ = {isa = PBXFileReference; lastKnownFileType = wrapper.framework; name = AudioToolbox.framework; path = System/Library/Frameworks/AudioToolbox.framework; sourceTree = SDKROOT; };
		00B784B10FF439BC000DE1D7 /* AudioUnit.framework */ = {isa = PBXFileReference; lastKnownFileType = wrapper.framework; name = AudioUnit.framework; path = System/Library/Frameworks/AudioUnit.framework; sourceTree = SDKROOT; };
		00B784B20FF439BC000DE1D7 /* CoreAudio.framework */ = {isa = PBXFileReference; lastKnownFileType = wrapper.framework; name = CoreAudio.framework; path = System/Library/Frameworks/CoreAudio.framework; sourceTree = SDKROOT; };
		07E197771627CE9D00A51216 /* blur.frag */ = {isa = PBXFileReference; fileEncoding = 4; lastKnownFileType = sourcecode.glsl; path = blur.frag; sourceTree = "<group>"; };
		07E197781627CE9D00A51216 /* blur.vert */ = {isa = PBXFileReference; fileEncoding = 4; lastKnownFileType = sourcecode.glsl; path = blur.vert; sourceTree = "<group>"; };
		07E1977B1627D24D00A51216 /* dof.frag */ = {isa = PBXFileReference; fileEncoding = 4; lastKnownFileType = sourcecode.glsl; path = dof.frag; sourceTree = "<group>"; };
		07E1977C1627D24D00A51216 /* dof.vert */ = {isa = PBXFileReference; fileEncoding = 4; lastKnownFileType = sourcecode.glsl; path = dof.vert; sourceTree = "<group>"; };
		07E1978B162823B700A51216 /* bgCloth.frag */ = {isa = PBXFileReference; fileEncoding = 4; lastKnownFileType = sourcecode.glsl; path = bgCloth.frag; sourceTree = "<group>"; };
		07E1978C162823B700A51216 /* bgCloth.vert */ = {isa = PBXFileReference; fileEncoding = 4; lastKnownFileType = sourcecode.glsl; path = bgCloth.vert; sourceTree = "<group>"; };
		07E1978D162823B700A51216 /* bgMind.frag */ = {isa = PBXFileReference; fileEncoding = 4; lastKnownFileType = sourcecode.glsl; path = bgMind.frag; sourceTree = "<group>"; };
		07E1978E162823B700A51216 /* bgMind.vert */ = {isa = PBXFileReference; fileEncoding = 4; lastKnownFileType = sourcecode.glsl; path = bgMind.vert; sourceTree = "<group>"; };
		1058C7A1FEA54F0111CA2CBB /* Cocoa.framework */ = {isa = PBXFileReference; lastKnownFileType = wrapper.framework; name = Cocoa.framework; path = /System/Library/Frameworks/Cocoa.framework; sourceTree = "<absolute>"; };
		13E42FB307B3F0F600E4EEF1 /* CoreData.framework */ = {isa = PBXFileReference; lastKnownFileType = wrapper.framework; name = CoreData.framework; path = /System/Library/Frameworks/CoreData.framework; sourceTree = "<absolute>"; };
		29B97324FDCFA39411CA2CEA /* AppKit.framework */ = {isa = PBXFileReference; lastKnownFileType = wrapper.framework; name = AppKit.framework; path = /System/Library/Frameworks/AppKit.framework; sourceTree = "<absolute>"; };
		29B97325FDCFA39411CA2CEA /* Foundation.framework */ = {isa = PBXFileReference; lastKnownFileType = wrapper.framework; name = Foundation.framework; path = /System/Library/Frameworks/Foundation.framework; sourceTree = "<absolute>"; };
		32CA4F630368D1EE00C91783 /* PixarDemo2012_Prefix.pch */ = {isa = PBXFileReference; fileEncoding = 4; lastKnownFileType = sourcecode.c.h; path = PixarDemo2012_Prefix.pch; sourceTree = "<group>"; };
		3B0506C21620BE640070F0D5 /* cubes.frag */ = {isa = PBXFileReference; fileEncoding = 4; lastKnownFileType = sourcecode.glsl; path = cubes.frag; sourceTree = "<group>"; };
		3B0506C31620BE640070F0D5 /* cubes.geom */ = {isa = PBXFileReference; fileEncoding = 4; lastKnownFileType = sourcecode.glsl; path = cubes.geom; sourceTree = "<group>"; xcLanguageSpecificationIdentifier = xcode.lang.glsl; };
		3B0506C41620BE640070F0D5 /* cubes.vert */ = {isa = PBXFileReference; fileEncoding = 4; lastKnownFileType = sourcecode.glsl; path = cubes.vert; sourceTree = "<group>"; };
		3B0506C51620BE640070F0D5 /* diva.m4a */ = {isa = PBXFileReference; lastKnownFileType = file; path = diva.m4a; sourceTree = "<group>"; };
		3B0506C61620BE640070F0D5 /* fbo.frag */ = {isa = PBXFileReference; fileEncoding = 4; lastKnownFileType = sourcecode.glsl; path = fbo.frag; sourceTree = "<group>"; xcLanguageSpecificationIdentifier = xcode.lang.glsl; };
		3B0506C71620BE640070F0D5 /* fbo.vert */ = {isa = PBXFileReference; fileEncoding = 4; lastKnownFileType = sourcecode.glsl; path = fbo.vert; sourceTree = "<group>"; };
		3B0506C81620BE640070F0D5 /* uv.jpg */ = {isa = PBXFileReference; lastKnownFileType = image.jpeg; path = uv.jpg; sourceTree = "<group>"; };
		3B0506C91620BE640070F0D5 /* uv.png */ = {isa = PBXFileReference; lastKnownFileType = image.png; path = uv.png; sourceTree = "<group>"; };
		3B18126B16260F8D00CCC23F /* cloth.frag */ = {isa = PBXFileReference; fileEncoding = 4; lastKnownFileType = sourcecode.glsl; path = cloth.frag; sourceTree = "<group>"; };
		3B18126C16260F8D00CCC23F /* cloth.vert */ = {isa = PBXFileReference; fileEncoding = 4; lastKnownFileType = sourcecode.glsl; path = cloth.vert; sourceTree = "<group>"; };
		3B18127016260F9B00CCC23F /* Cloth.cpp */ = {isa = PBXFileReference; fileEncoding = 4; lastKnownFileType = sourcecode.cpp.cpp; name = Cloth.cpp; path = ../src/Cloth.cpp; sourceTree = "<group>"; };
		3B18127216260FA800CCC23F /* Cloth.h */ = {isa = PBXFileReference; fileEncoding = 4; lastKnownFileType = sourcecode.c.h; name = Cloth.h; path = ../include/Cloth.h; sourceTree = "<group>"; };
		3B21291F16272E4A006D217B /* Branch.h */ = {isa = PBXFileReference; fileEncoding = 4; lastKnownFileType = sourcecode.c.h; name = Branch.h; path = ../include/Branch.h; sourceTree = "<group>"; };
		3B21292016272E4A006D217B /* BranchController.h */ = {isa = PBXFileReference; fileEncoding = 4; lastKnownFileType = sourcecode.c.h; name = BranchController.h; path = ../include/BranchController.h; sourceTree = "<group>"; };
		3B21292216272E53006D217B /* Branch.cpp */ = {isa = PBXFileReference; fileEncoding = 4; lastKnownFileType = sourcecode.cpp.cpp; name = Branch.cpp; path = ../src/Branch.cpp; sourceTree = "<group>"; };
		3B21292316272E53006D217B /* BranchController.cpp */ = {isa = PBXFileReference; fileEncoding = 4; lastKnownFileType = sourcecode.cpp.cpp; name = BranchController.cpp; path = ../src/BranchController.cpp; sourceTree = "<group>"; };
		3B21292B1627A9C8006D217B /* synchro.ttf */ = {isa = PBXFileReference; lastKnownFileType = file; path = synchro.ttf; sourceTree = "<group>"; };
		3B21292D1627D3F5006D217B /* title.frag */ = {isa = PBXFileReference; fileEncoding = 4; lastKnownFileType = sourcecode.glsl; path = title.frag; sourceTree = "<group>"; };
		3B21292E1627D3F5006D217B /* title.vert */ = {isa = PBXFileReference; fileEncoding = 4; lastKnownFileType = sourcecode.glsl; path = title.vert; sourceTree = "<group>"; };
		3B32F3DE1626972B000D924D /* logo.png */ = {isa = PBXFileReference; lastKnownFileType = image.png; path = logo.png; sourceTree = "<group>"; };
		3B32F3E116270D8C000D924D /* Title.h */ = {isa = PBXFileReference; fileEncoding = 4; lastKnownFileType = sourcecode.c.h; name = Title.h; path = ../include/Title.h; sourceTree = "<group>"; };
		3B32F3E216270DBB000D924D /* Title.cpp */ = {isa = PBXFileReference; fileEncoding = 4; lastKnownFileType = sourcecode.cpp.cpp; name = Title.cpp; path = ../src/Title.cpp; sourceTree = "<group>"; };
		3B57E77616234B61009A4615 /* neuron.vert */ = {isa = PBXFileReference; fileEncoding = 4; lastKnownFileType = sourcecode.glsl; path = neuron.vert; sourceTree = "<group>"; };
		3B57E77716234B61009A4615 /* neuron.frag */ = {isa = PBXFileReference; fileEncoding = 4; lastKnownFileType = sourcecode.glsl; path = neuron.frag; sourceTree = "<group>"; };
		3B57E77816234B61009A4615 /* axon.vert */ = {isa = PBXFileReference; fileEncoding = 4; lastKnownFileType = sourcecode.glsl; path = axon.vert; sourceTree = "<group>"; };
		3B57E77916234B61009A4615 /* axon.frag */ = {isa = PBXFileReference; fileEncoding = 4; lastKnownFileType = sourcecode.glsl; path = axon.frag; sourceTree = "<group>"; };
		3B57E77F16234B86009A4615 /* Tube.cpp */ = {isa = PBXFileReference; fileEncoding = 4; lastKnownFileType = sourcecode.cpp.cpp; name = Tube.cpp; path = ../src/Tube.cpp; sourceTree = "<group>"; };
		3B57E78016234B86009A4615 /* MindField.cpp */ = {isa = PBXFileReference; fileEncoding = 4; lastKnownFileType = sourcecode.cpp.cpp; name = MindField.cpp; path = ../src/MindField.cpp; sourceTree = "<group>"; };
		3B57E78316234BC6009A4615 /* Tube.h */ = {isa = PBXFileReference; fileEncoding = 4; lastKnownFileType = sourcecode.c.h; name = Tube.h; path = ../include/Tube.h; sourceTree = "<group>"; };
		3B57E78416234BC6009A4615 /* MindField.h */ = {isa = PBXFileReference; fileEncoding = 4; lastKnownFileType = sourcecode.c.h; name = MindField.h; path = ../include/MindField.h; sourceTree = "<group>"; };
		3B91C92016287C0700F49774 /* BulletCollision.framework */ = {isa = PBXFileReference; lastKnownFileType = wrapper.framework; name = BulletCollision.framework; path = /Library/Frameworks/BulletCollision.framework; sourceTree = "<absolute>"; };
		3BBCF47D1625BA4C000510B2 /* Cubes.h */ = {isa = PBXFileReference; lastKnownFileType = sourcecode.c.h; name = Cubes.h; path = ../include/Cubes.h; sourceTree = "<group>"; };
		3BBCF47F1625BA6A000510B2 /* Cubes.cpp */ = {isa = PBXFileReference; fileEncoding = 4; lastKnownFileType = sourcecode.cpp.cpp; name = Cubes.cpp; path = ../src/Cubes.cpp; sourceTree = "<group>"; };
		3BEB753D162617D9007FBD46 /* BulletDynamics.framework */ = {isa = PBXFileReference; lastKnownFileType = wrapper.framework; name = BulletDynamics.framework; path = ../../../../../../Library/Frameworks/BulletDynamics.framework; sourceTree = "<group>"; };
		3BEB753E162617D9007FBD46 /* BulletMultiThreaded.framework */ = {isa = PBXFileReference; lastKnownFileType = wrapper.framework; name = BulletMultiThreaded.framework; path = ../../../../../../Library/Frameworks/BulletMultiThreaded.framework; sourceTree = "<group>"; };
		3BEB753F162617D9007FBD46 /* BulletSoftBody.framework */ = {isa = PBXFileReference; lastKnownFileType = wrapper.framework; name = BulletSoftBody.framework; path = ../../../../../../Library/Frameworks/BulletSoftBody.framework; sourceTree = "<group>"; };
		3BEB7540162617D9007FBD46 /* LinearMath.framework */ = {isa = PBXFileReference; lastKnownFileType = wrapper.framework; name = LinearMath.framework; path = ../../../../../../Library/Frameworks/LinearMath.framework; sourceTree = "<group>"; };
		3BEF7350162385D7006B2A80 /* Calibri.ttf */ = {isa = PBXFileReference; lastKnownFileType = file; path = Calibri.ttf; sourceTree = "<group>"; };
		3BFD2F0D15FE379F007734D8 /* Particle.h */ = {isa = PBXFileReference; fileEncoding = 4; lastKnownFileType = sourcecode.c.h; name = Particle.h; path = ../include/Particle.h; sourceTree = "<group>"; };
		3BFD2F0E15FE379F007734D8 /* ParticleController.h */ = {isa = PBXFileReference; fileEncoding = 4; lastKnownFileType = sourcecode.c.h; name = ParticleController.h; path = ../include/ParticleController.h; sourceTree = "<group>"; };
		3BFD2F0F15FE37AC007734D8 /* ParticleController.cpp */ = {isa = PBXFileReference; fileEncoding = 4; lastKnownFileType = sourcecode.cpp.cpp; name = ParticleController.cpp; path = ../src/ParticleController.cpp; sourceTree = "<group>"; };
		3BFD2F1015FE37AC007734D8 /* Particle.cpp */ = {isa = PBXFileReference; fileEncoding = 4; lastKnownFileType = sourcecode.cpp.cpp; name = Particle.cpp; path = ../src/Particle.cpp; sourceTree = "<group>"; };
		43DFF4D714F21C27004759F2 /* Resources.h */ = {isa = PBXFileReference; fileEncoding = 4; lastKnownFileType = sourcecode.c.h; name = Resources.h; path = ../include/Resources.h; sourceTree = "<group>"; };
		43DFF4DA14F21C33004759F2 /* PixarDemo2012.cpp */ = {isa = PBXFileReference; fileEncoding = 4; lastKnownFileType = sourcecode.cpp.cpp; name = PixarDemo2012.cpp; path = ../src/PixarDemo2012.cpp; sourceTree = "<group>"; };
		43DFF4DC14F21C3C004759F2 /* KissFFT.cpp */ = {isa = PBXFileReference; fileEncoding = 4; lastKnownFileType = sourcecode.cpp.cpp; path = KissFFT.cpp; sourceTree = "<group>"; };
		43DFF4DD14F21C3C004759F2 /* KissFFT.h */ = {isa = PBXFileReference; fileEncoding = 4; lastKnownFileType = sourcecode.c.h; path = KissFFT.h; sourceTree = "<group>"; };
		43DFF4DF14F21C44004759F2 /* _kiss_fft_guts.h */ = {isa = PBXFileReference; fileEncoding = 4; lastKnownFileType = sourcecode.c.h; name = _kiss_fft_guts.h; path = kiss/_kiss_fft_guts.h; sourceTree = "<group>"; };
		43DFF4E014F21C44004759F2 /* kiss_fft.c */ = {isa = PBXFileReference; fileEncoding = 4; lastKnownFileType = sourcecode.c.c; name = kiss_fft.c; path = kiss/kiss_fft.c; sourceTree = "<group>"; };
		43DFF4E114F21C44004759F2 /* kiss_fft.h */ = {isa = PBXFileReference; fileEncoding = 4; lastKnownFileType = sourcecode.c.h; name = kiss_fft.h; path = kiss/kiss_fft.h; sourceTree = "<group>"; };
		43DFF4E214F21C44004759F2 /* kiss_fftr.c */ = {isa = PBXFileReference; fileEncoding = 4; lastKnownFileType = sourcecode.c.c; name = kiss_fftr.c; path = kiss/kiss_fftr.c; sourceTree = "<group>"; };
		43DFF4E314F21C44004759F2 /* kiss_fftr.h */ = {isa = PBXFileReference; fileEncoding = 4; lastKnownFileType = sourcecode.c.h; name = kiss_fftr.h; path = kiss/kiss_fftr.h; sourceTree = "<group>"; };
		5323E6B10EAFCA74003A9687 /* CoreVideo.framework */ = {isa = PBXFileReference; lastKnownFileType = wrapper.framework; name = CoreVideo.framework; path = /System/Library/Frameworks/CoreVideo.framework; sourceTree = "<absolute>"; };
		5323E6B50EAFCA7E003A9687 /* QTKit.framework */ = {isa = PBXFileReference; lastKnownFileType = wrapper.framework; name = QTKit.framework; path = /System/Library/Frameworks/QTKit.framework; sourceTree = "<absolute>"; };
		53E3CDFB0E86099300238D2B /* Carbon.framework */ = {isa = PBXFileReference; lastKnownFileType = wrapper.framework; name = Carbon.framework; path = /System/Library/Frameworks/Carbon.framework; sourceTree = "<absolute>"; };
		8D1107310486CEB800E47090 /* Info.plist */ = {isa = PBXFileReference; fileEncoding = 4; lastKnownFileType = text.plist.xml; name = Info.plist; path = ../xcode/Info.plist; sourceTree = "<group>"; };
		8D1107320486CEB800E47090 /* PixarDemo2012.app */ = {isa = PBXFileReference; explicitFileType = wrapper.application; includeInIndex = 0; path = PixarDemo2012.app; sourceTree = BUILT_PRODUCTS_DIR; };
/* End PBXFileReference section */

/* Begin PBXFrameworksBuildPhase section */
		8D11072E0486CEB800E47090 /* Frameworks */ = {
			isa = PBXFrameworksBuildPhase;
			buildActionMask = 2147483647;
			files = (
				8D11072F0486CEB800E47090 /* Cocoa.framework in Frameworks */,
				0091D8F90E81B9330029341E /* OpenGL.framework in Frameworks */,
				53E3CDFC0E86099300238D2B /* Carbon.framework in Frameworks */,
				5323E6B20EAFCA74003A9687 /* CoreVideo.framework in Frameworks */,
				5323E6B60EAFCA7E003A9687 /* QTKit.framework in Frameworks */,
				0097E3E50F3E9819005A4392 /* QuickTime.framework in Frameworks */,
				00B784B30FF439BC000DE1D7 /* Accelerate.framework in Frameworks */,
				00B784B40FF439BC000DE1D7 /* AudioToolbox.framework in Frameworks */,
				00B784B50FF439BC000DE1D7 /* AudioUnit.framework in Frameworks */,
				00B784B60FF439BC000DE1D7 /* CoreAudio.framework in Frameworks */,
				3BEB7542162617D9007FBD46 /* BulletDynamics.framework in Frameworks */,
				3BEB7543162617D9007FBD46 /* BulletMultiThreaded.framework in Frameworks */,
				3BEB7544162617D9007FBD46 /* BulletSoftBody.framework in Frameworks */,
				3BEB7545162617D9007FBD46 /* LinearMath.framework in Frameworks */,
				3B91C92116287C0700F49774 /* BulletCollision.framework in Frameworks */,
			);
			runOnlyForDeploymentPostprocessing = 0;
		};
/* End PBXFrameworksBuildPhase section */

/* Begin PBXGroup section */
		0026CD271197C285007D86C6 /* KissFFT */ = {
			isa = PBXGroup;
			children = (
				43DFF4DC14F21C3C004759F2 /* KissFFT.cpp */,
				43DFF4DD14F21C3C004759F2 /* KissFFT.h */,
				432CD3CD14E740DD00603749 /* kiss */,
			);
			name = KissFFT;
			path = ../src/KissFFT;
			sourceTree = "<group>";
		};
		080E96DDFE201D6D7F000001 /* Source */ = {
			isa = PBXGroup;
			children = (
				3B21292216272E53006D217B /* Branch.cpp */,
				3B21292316272E53006D217B /* BranchController.cpp */,
				3B32F3E216270DBB000D924D /* Title.cpp */,
				3B18127016260F9B00CCC23F /* Cloth.cpp */,
				3BBCF47F1625BA6A000510B2 /* Cubes.cpp */,
				3B57E77F16234B86009A4615 /* Tube.cpp */,
				3B57E78016234B86009A4615 /* MindField.cpp */,
				3BFD2F0F15FE37AC007734D8 /* ParticleController.cpp */,
				3BFD2F1015FE37AC007734D8 /* Particle.cpp */,
				43DFF4DA14F21C33004759F2 /* PixarDemo2012.cpp */,
				0026CD271197C285007D86C6 /* KissFFT */,
			);
			name = Source;
			sourceTree = "<group>";
		};
		1058C7A0FEA54F0111CA2CBB /* Linked Frameworks */ = {
			isa = PBXGroup;
			children = (
				3B91C92016287C0700F49774 /* BulletCollision.framework */,
				3BEB753D162617D9007FBD46 /* BulletDynamics.framework */,
				3BEB753E162617D9007FBD46 /* BulletMultiThreaded.framework */,
				3BEB753F162617D9007FBD46 /* BulletSoftBody.framework */,
				3BEB7540162617D9007FBD46 /* LinearMath.framework */,
				00B784AF0FF439BC000DE1D7 /* Accelerate.framework */,
				00B784B00FF439BC000DE1D7 /* AudioToolbox.framework */,
				00B784B10FF439BC000DE1D7 /* AudioUnit.framework */,
				00B784B20FF439BC000DE1D7 /* CoreAudio.framework */,
				0097E3E40F3E9819005A4392 /* QuickTime.framework */,
				5323E6B50EAFCA7E003A9687 /* QTKit.framework */,
				5323E6B10EAFCA74003A9687 /* CoreVideo.framework */,
				53E3CDFB0E86099300238D2B /* Carbon.framework */,
				0091D8F80E81B9330029341E /* OpenGL.framework */,
				1058C7A1FEA54F0111CA2CBB /* Cocoa.framework */,
			);
			name = "Linked Frameworks";
			sourceTree = "<group>";
		};
		1058C7A2FEA54F0111CA2CBB /* Other Frameworks */ = {
			isa = PBXGroup;
			children = (
				29B97324FDCFA39411CA2CEA /* AppKit.framework */,
				13E42FB307B3F0F600E4EEF1 /* CoreData.framework */,
				29B97325FDCFA39411CA2CEA /* Foundation.framework */,
			);
			name = "Other Frameworks";
			sourceTree = "<group>";
		};
		19C28FACFE9D520D11CA2CBB /* Products */ = {
			isa = PBXGroup;
			children = (
				8D1107320486CEB800E47090 /* PixarDemo2012.app */,
			);
			name = Products;
			sourceTree = "<group>";
		};
		29B97314FDCFA39411CA2CEA /* msaFluidBasic */ = {
			isa = PBXGroup;
			children = (
				29B97315FDCFA39411CA2CEA /* Headers */,
				080E96DDFE201D6D7F000001 /* Source */,
				29B97317FDCFA39411CA2CEA /* Resources */,
				29B97323FDCFA39411CA2CEA /* Frameworks */,
				19C28FACFE9D520D11CA2CBB /* Products */,
			);
			name = msaFluidBasic;
			sourceTree = "<group>";
		};
		29B97315FDCFA39411CA2CEA /* Headers */ = {
			isa = PBXGroup;
			children = (
				3B21291F16272E4A006D217B /* Branch.h */,
				3B21292016272E4A006D217B /* BranchController.h */,
				3B32F3E116270D8C000D924D /* Title.h */,
				3B18127216260FA800CCC23F /* Cloth.h */,
				3BBCF47D1625BA4C000510B2 /* Cubes.h */,
				3B57E78316234BC6009A4615 /* Tube.h */,
				3B57E78416234BC6009A4615 /* MindField.h */,
				3BFD2F0D15FE379F007734D8 /* Particle.h */,
				3BFD2F0E15FE379F007734D8 /* ParticleController.h */,
				43DFF4D714F21C27004759F2 /* Resources.h */,
				32CA4F630368D1EE00C91783 /* PixarDemo2012_Prefix.pch */,
			);
			name = Headers;
			sourceTree = "<group>";
		};
		29B97317FDCFA39411CA2CEA /* Resources */ = {
			isa = PBXGroup;
			children = (
				3B21292D1627D3F5006D217B /* title.frag */,
				3B21292E1627D3F5006D217B /* title.vert */,
				3B21292B1627A9C8006D217B /* synchro.ttf */,
				3B32F3DE1626972B000D924D /* logo.png */,
				3B18126B16260F8D00CCC23F /* cloth.frag */,
				3B18126C16260F8D00CCC23F /* cloth.vert */,
				3BEF7350162385D7006B2A80 /* Calibri.ttf */,
				07E1977B1627D24D00A51216 /* dof.frag */,
				07E1978B162823B700A51216 /* bgCloth.frag */,
				07E1978C162823B700A51216 /* bgCloth.vert */,
				07E1978D162823B700A51216 /* bgMind.frag */,
				07E1978E162823B700A51216 /* bgMind.vert */,
				07E1977C1627D24D00A51216 /* dof.vert */,
				3B57E77616234B61009A4615 /* neuron.vert */,
				3B57E77716234B61009A4615 /* neuron.frag */,
				3B57E77816234B61009A4615 /* axon.vert */,
				3B57E77916234B61009A4615 /* axon.frag */,
				07E197771627CE9D00A51216 /* blur.frag */,
				07E197781627CE9D00A51216 /* blur.vert */,
				3B0506C21620BE640070F0D5 /* cubes.frag */,
				3B0506C31620BE640070F0D5 /* cubes.geom */,
				3B0506C41620BE640070F0D5 /* cubes.vert */,
				3B0506C51620BE640070F0D5 /* diva.m4a */,
				3B0506C61620BE640070F0D5 /* fbo.frag */,
				3B0506C71620BE640070F0D5 /* fbo.vert */,
				3B0506C81620BE640070F0D5 /* uv.jpg */,
				3B0506C91620BE640070F0D5 /* uv.png */,
				8D1107310486CEB800E47090 /* Info.plist */,
			);
			name = Resources;
			path = ../resources;
			sourceTree = "<group>";
		};
		29B97323FDCFA39411CA2CEA /* Frameworks */ = {
			isa = PBXGroup;
			children = (
				1058C7A0FEA54F0111CA2CBB /* Linked Frameworks */,
				1058C7A2FEA54F0111CA2CBB /* Other Frameworks */,
			);
			name = Frameworks;
			sourceTree = "<group>";
		};
		432CD3CD14E740DD00603749 /* kiss */ = {
			isa = PBXGroup;
			children = (
				43DFF4DF14F21C44004759F2 /* _kiss_fft_guts.h */,
				43DFF4E014F21C44004759F2 /* kiss_fft.c */,
				43DFF4E114F21C44004759F2 /* kiss_fft.h */,
				43DFF4E214F21C44004759F2 /* kiss_fftr.c */,
				43DFF4E314F21C44004759F2 /* kiss_fftr.h */,
			);
			name = kiss;
			sourceTree = "<group>";
		};
/* End PBXGroup section */

/* Begin PBXNativeTarget section */
		8D1107260486CEB800E47090 /* PixarDemo2012 */ = {
			isa = PBXNativeTarget;
			buildConfigurationList = C01FCF4A08A954540054247B /* Build configuration list for PBXNativeTarget "PixarDemo2012" */;
			buildPhases = (
				8D1107290486CEB800E47090 /* Resources */,
				8D11072C0486CEB800E47090 /* Sources */,
				8D11072E0486CEB800E47090 /* Frameworks */,
			);
			buildRules = (
			);
			dependencies = (
			);
			name = PixarDemo2012;
			productInstallPath = "$(HOME)/Applications";
			productName = msaFluidBasic;
			productReference = 8D1107320486CEB800E47090 /* PixarDemo2012.app */;
			productType = "com.apple.product-type.application";
		};
/* End PBXNativeTarget section */

/* Begin PBXProject section */
		29B97313FDCFA39411CA2CEA /* Project object */ = {
			isa = PBXProject;
			buildConfigurationList = C01FCF4E08A954540054247B /* Build configuration list for PBXProject "PixarDemo2012" */;
			compatibilityVersion = "Xcode 3.0";
			developmentRegion = English;
			hasScannedForEncodings = 1;
			knownRegions = (
				English,
				Japanese,
				French,
				German,
			);
			mainGroup = 29B97314FDCFA39411CA2CEA /* msaFluidBasic */;
			projectDirPath = "";
			projectRoot = "";
			targets = (
				8D1107260486CEB800E47090 /* PixarDemo2012 */,
			);
		};
/* End PBXProject section */

/* Begin PBXResourcesBuildPhase section */
		8D1107290486CEB800E47090 /* Resources */ = {
			isa = PBXResourcesBuildPhase;
			buildActionMask = 2147483647;
			files = (
				3B31A86F16288B3C00930E61 /* title.frag in Resources */,
				3B31A87016288B3C00930E61 /* title.vert in Resources */,
				3B31A87116288B3C00930E61 /* cloth.frag in Resources */,
				3B31A87216288B3C00930E61 /* cloth.vert in Resources */,
				3B31A87316288B3C00930E61 /* dof.frag in Resources */,
				3B31A87416288B3C00930E61 /* bgCloth.frag in Resources */,
				3B31A87516288B3C00930E61 /* bgCloth.vert in Resources */,
				3B31A87616288B3C00930E61 /* bgMind.frag in Resources */,
				3B31A87716288B3C00930E61 /* bgMind.vert in Resources */,
				3B31A87816288B3C00930E61 /* dof.vert in Resources */,
				3B31A87916288B3C00930E61 /* neuron.vert in Resources */,
				3B31A87A16288B3C00930E61 /* neuron.frag in Resources */,
				3B31A87B16288B3C00930E61 /* axon.vert in Resources */,
				3B31A87C16288B3C00930E61 /* axon.frag in Resources */,
				3B31A87D16288B3C00930E61 /* blur.frag in Resources */,
				3B31A87E16288B3C00930E61 /* blur.vert in Resources */,
				3B31A87F16288B3C00930E61 /* cubes.frag in Resources */,
				3B31A88016288B3C00930E61 /* cubes.geom in Resources */,
				3B31A88116288B3C00930E61 /* cubes.vert in Resources */,
				3B31A88216288B3C00930E61 /* fbo.frag in Resources */,
				3B31A88316288B3C00930E61 /* fbo.vert in Resources */,
				3B0506CD1620BE640070F0D5 /* diva.m4a in Resources */,
				3B0506D01620BE640070F0D5 /* uv.jpg in Resources */,
				3B0506D11620BE640070F0D5 /* uv.png in Resources */,
				3BEF7351162385D7006B2A80 /* Calibri.ttf in Resources */,
				3B32F3DF1626972B000D924D /* logo.png in Resources */,
				3B21292C1627A9C8006D217B /* synchro.ttf in Resources */,
			);
			runOnlyForDeploymentPostprocessing = 0;
		};
/* End PBXResourcesBuildPhase section */

/* Begin PBXSourcesBuildPhase section */
		8D11072C0486CEB800E47090 /* Sources */ = {
			isa = PBXSourcesBuildPhase;
			buildActionMask = 2147483647;
			files = (
				43DFF4DB14F21C33004759F2 /* PixarDemo2012.cpp in Sources */,
				43DFF4DE14F21C3C004759F2 /* KissFFT.cpp in Sources */,
				43DFF4E414F21C44004759F2 /* kiss_fft.c in Sources */,
				43DFF4E514F21C44004759F2 /* kiss_fftr.c in Sources */,
				3BFD2F1115FE37AC007734D8 /* ParticleController.cpp in Sources */,
				3BFD2F1215FE37AC007734D8 /* Particle.cpp in Sources */,
				3B0506CA1620BE640070F0D5 /* cubes.frag in Sources */,
				3B0506CB1620BE640070F0D5 /* cubes.geom in Sources */,
				3B0506CC1620BE640070F0D5 /* cubes.vert in Sources */,
				3B0506CE1620BE640070F0D5 /* fbo.frag in Sources */,
				3B0506CF1620BE640070F0D5 /* fbo.vert in Sources */,
				3B57E77A16234B61009A4615 /* neuron.vert in Sources */,
				3B57E77B16234B61009A4615 /* neuron.frag in Sources */,
				3B57E77C16234B61009A4615 /* axon.vert in Sources */,
				3B57E77D16234B61009A4615 /* axon.frag in Sources */,
				3B57E78116234B86009A4615 /* Tube.cpp in Sources */,
				3B57E78216234B86009A4615 /* MindField.cpp in Sources */,
				3BBCF4811625BA6A000510B2 /* Cubes.cpp in Sources */,
				3B18126D16260F8D00CCC23F /* cloth.frag in Sources */,
				3B18126E16260F8D00CCC23F /* cloth.vert in Sources */,
				3B18127116260F9B00CCC23F /* Cloth.cpp in Sources */,
				3B32F3E316270DBB000D924D /* Title.cpp in Sources */,
				3B21292416272E53006D217B /* Branch.cpp in Sources */,
				3B21292516272E53006D217B /* BranchController.cpp in Sources */,
				07E197791627CE9D00A51216 /* blur.frag in Sources */,
				07E1977A1627CE9D00A51216 /* blur.vert in Sources */,
				07E1977D1627D24D00A51216 /* dof.frag in Sources */,
				07E1977E1627D24D00A51216 /* dof.vert in Sources */,
				07E1978F162823B700A51216 /* bgCloth.frag in Sources */,
				07E19790162823B700A51216 /* bgCloth.vert in Sources */,
				07E19791162823B700A51216 /* bgMind.frag in Sources */,
				07E19792162823B700A51216 /* bgMind.vert in Sources */,
			);
			runOnlyForDeploymentPostprocessing = 0;
		};
/* End PBXSourcesBuildPhase section */

/* Begin XCBuildConfiguration section */
		C01FCF4B08A954540054247B /* Debug */ = {
			isa = XCBuildConfiguration;
			buildSettings = {
				CINDER_PATH = /Users/colin/Dev/lib/Cinder;
				COPY_PHASE_STRIP = NO;
				FRAMEWORK_SEARCH_PATHS = (
					"$(inherited)",
					"\"$(SRCROOT)\"",
				);
				GCC_DYNAMIC_NO_PIC = NO;
				GCC_ENABLE_FIX_AND_CONTINUE = YES;
				GCC_INLINES_ARE_PRIVATE_EXTERN = YES;
				GCC_MODEL_TUNING = G5;
				GCC_OPTIMIZATION_LEVEL = 0;
				GCC_PRECOMPILE_PREFIX_HEADER = YES;
				GCC_PREFIX_HEADER = PixarDemo2012_Prefix.pch;
				INFOPLIST_FILE = Info.plist;
				INSTALL_PATH = "$(HOME)/Applications";
				OTHER_LDFLAGS = (
					"$(CINDER_PATH)/lib/libcinder_d.a",
					"-lcurl",
				);
				PRODUCT_NAME = PixarDemo2012;
				SDKROOT = macosx10.7;
				WRAPPER_EXTENSION = app;
				ZERO_LINK = YES;
			};
			name = Debug;
		};
		C01FCF4C08A954540054247B /* Release */ = {
			isa = XCBuildConfiguration;
			buildSettings = {
				CINDER_PATH = /Users/colin/Dev/lib/Cinder;
				DEAD_CODE_STRIPPING = YES;
				DEBUG_INFORMATION_FORMAT = "dwarf-with-dsym";
				FRAMEWORK_SEARCH_PATHS = (
					"$(inherited)",
					"\"$(SRCROOT)\"",
				);
				GCC_FAST_MATH = YES;
				GCC_INLINES_ARE_PRIVATE_EXTERN = YES;
				GCC_MODEL_TUNING = G5;
				GCC_OPTIMIZATION_LEVEL = 3;
				GCC_PRECOMPILE_PREFIX_HEADER = YES;
				GCC_PREFIX_HEADER = PixarDemo2012_Prefix.pch;
				GCC_UNROLL_LOOPS = NO;
				INFOPLIST_FILE = Info.plist;
				INSTALL_PATH = "$(HOME)/Applications";
				OTHER_LDFLAGS = (
					"$(CINDER_PATH)/lib/libcinder.a",
					"-lcurl",
				);
				PRODUCT_NAME = PixarDemo2012;
				SDKROOT = macosx10.7;
				STRIP_INSTALLED_PRODUCT = YES;
				WRAPPER_EXTENSION = app;
			};
			name = Release;
		};
		C01FCF4F08A954540054247B /* Debug */ = {
			isa = XCBuildConfiguration;
			buildSettings = {
				ALWAYS_SEARCH_USER_PATHS = NO;
				ARCHS = i386;
				CINDER_PATH = /Users/colin/Dev/lib/Cinder;
				GCC_WARN_ABOUT_RETURN_TYPE = YES;
				GCC_WARN_UNUSED_VARIABLE = YES;
				HEADER_SEARCH_PATHS = (
					"$(CINDER_PATH)/boost",
					"/Users/colin/bullet-2.81/src/**",
					"$(CINDER_PATH)",
				);
				MACOSX_DEPLOYMENT_TARGET = 10.8;
				PREBINDING = NO;
				SDKROOT = macosx10.8;
				USER_HEADER_SEARCH_PATHS = "$(CINDER_PATH)/include ../include";
			};
			name = Debug;
		};
		C01FCF5008A954540054247B /* Release */ = {
			isa = XCBuildConfiguration;
			buildSettings = {
				ALWAYS_SEARCH_USER_PATHS = NO;
				ARCHS = i386;
				CINDER_PATH = /Users/colin/Dev/lib/Cinder;
				GCC_WARN_ABOUT_RETURN_TYPE = YES;
				GCC_WARN_UNUSED_VARIABLE = YES;
				HEADER_SEARCH_PATHS = (
					"$(CINDER_PATH)/boost",
					"/Users/colin/bullet-2.81/src/**",
					"$(CINDER_PATH)",
				);
				MACOSX_DEPLOYMENT_TARGET = 10.8;
				PREBINDING = NO;
				SDKROOT = macosx10.8;
				USER_HEADER_SEARCH_PATHS = "$(CINDER_PATH)/include ../include";
			};
			name = Release;
		};
/* End XCBuildConfiguration section */

/* Begin XCConfigurationList section */
		C01FCF4A08A954540054247B /* Build configuration list for PBXNativeTarget "PixarDemo2012" */ = {
			isa = XCConfigurationList;
			buildConfigurations = (
				C01FCF4B08A954540054247B /* Debug */,
				C01FCF4C08A954540054247B /* Release */,
			);
			defaultConfigurationIsVisible = 0;
			defaultConfigurationName = Release;
		};
		C01FCF4E08A954540054247B /* Build configuration list for PBXProject "PixarDemo2012" */ = {
			isa = XCConfigurationList;
			buildConfigurations = (
				C01FCF4F08A954540054247B /* Debug */,
				C01FCF5008A954540054247B /* Release */,
			);
			defaultConfigurationIsVisible = 0;
			defaultConfigurationName = Release;
		};
/* End XCConfigurationList section */
	};
	rootObject = 29B97313FDCFA39411CA2CEA /* Project object */;
}
